
Microsoft Visual Studio Solution File, Format Version 12.00
# Visual Studio Version 16
VisualStudioVersion = 16.0.31229.75
MinimumVisualStudioVersion = 10.0.40219.1
Project("{9A19103F-16F7-4668-BE54-9A1E7A4F7556}") = "IdentityServer4.EntityFramework.Storage", "IdentityServer4.EntityFramework.Storage\IdentityServer4.EntityFramework.Storage.csproj", "{858E449B-0E94-4539-A92B-11D2F1281663}"
EndProject
Project("{9A19103F-16F7-4668-BE54-9A1E7A4F7556}") = "IdentityServer4.EntityFramework", "IdentityServer4.EntityFramework\IdentityServer4.EntityFramework.csproj", "{2FC69D07-8592-44FB-AFAF-99C5775B57DC}"
EndProject
Project("{9A19103F-16F7-4668-BE54-9A1E7A4F7556}") = "IdentityServer4.EntityFramework.Demo", "IdentityServer4.EntityFramework.Demo\IdentityServer4.EntityFramework.Demo.csproj", "{34EC4487-B0B3-452F-A318-9AA57D2A0D16}"
EndProject
Project("{2150E333-8FDC-42A3-9474-1A3956D46DE8}") = "src", "src", "{954C3011-22B4-4B48-A54A-D6CAA37D68BD}"
EndProject
Project("{FAE04EC0-301F-11D3-BF4B-00C04F79EFBC}") = "IdentityServer4.AspNetIdentity", "IdentityServer4.AspNetIdentity\IdentityServer4.AspNetIdentity.csproj", "{10D6CD1E-E3D4-4798-A472-65131D074D22}"
EndProject
Global
	GlobalSection(SolutionConfigurationPlatforms) = preSolution
		Debug|Any CPU = Debug|Any CPU
		Release|Any CPU = Release|Any CPU
	EndGlobalSection
	GlobalSection(ProjectConfigurationPlatforms) = postSolution
		{858E449B-0E94-4539-A92B-11D2F1281663}.Debug|Any CPU.ActiveCfg = Debug|Any CPU
		{858E449B-0E94-4539-A92B-11D2F1281663}.Debug|Any CPU.Build.0 = Debug|Any CPU
		{858E449B-0E94-4539-A92B-11D2F1281663}.Release|Any CPU.ActiveCfg = Release|Any CPU
		{858E449B-0E94-4539-A92B-11D2F1281663}.Release|Any CPU.Build.0 = Release|Any CPU
		{2FC69D07-8592-44FB-AFAF-99C5775B57DC}.Debug|Any CPU.ActiveCfg = Debug|Any CPU
		{2FC69D07-8592-44FB-AFAF-99C5775B57DC}.Debug|Any CPU.Build.0 = Debug|Any CPU
		{2FC69D07-8592-44FB-AFAF-99C5775B57DC}.Release|Any CPU.ActiveCfg = Release|Any CPU
		{2FC69D07-8592-44FB-AFAF-99C5775B57DC}.Release|Any CPU.Build.0 = Release|Any CPU
		{34EC4487-B0B3-452F-A318-9AA57D2A0D16}.Debug|Any CPU.ActiveCfg = Debug|Any CPU
		{34EC4487-B0B3-452F-A318-9AA57D2A0D16}.Debug|Any CPU.Build.0 = Debug|Any CPU
		{34EC4487-B0B3-452F-A318-9AA57D2A0D16}.Release|Any CPU.ActiveCfg = Release|Any CPU
		{34EC4487-B0B3-452F-A318-9AA57D2A0D16}.Release|Any CPU.Build.0 = Release|Any CPU
		{10D6CD1E-E3D4-4798-A472-65131D074D22}.Debug|Any CPU.ActiveCfg = Debug|Any CPU
		{10D6CD1E-E3D4-4798-A472-65131D074D22}.Debug|Any CPU.Build.0 = Debug|Any CPU
		{10D6CD1E-E3D4-4798-A472-65131D074D22}.Release|Any CPU.ActiveCfg = Release|Any CPU
		{10D6CD1E-E3D4-4798-A472-65131D074D22}.Release|Any CPU.Build.0 = Release|Any CPU
	EndGlobalSection
	GlobalSection(SolutionProperties) = preSolution
		HideSolutionNode = FALSE
	EndGlobalSection
	GlobalSection(NestedProjects) = preSolution
		{858E449B-0E94-4539-A92B-11D2F1281663} = {954C3011-22B4-4B48-A54A-D6CAA37D68BD}
		{2FC69D07-8592-44FB-AFAF-99C5775B57DC} = {954C3011-22B4-4B48-A54A-D6CAA37D68BD}
		{10D6CD1E-E3D4-4798-A472-65131D074D22} = {954C3011-22B4-4B48-A54A-D6CAA37D68BD}
	EndGlobalSection
	GlobalSection(ExtensibilityGlobals) = postSolution
		SolutionGuid = {1AD1808F-5E47-4C64-9347-6B6CCCE06798}
	EndGlobalSection
EndGlobal
